
Microsoft Visual Studio Solution File, Format Version 12.00
# Visual Studio 2012
Project("{FAE04EC0-301F-11D3-BF4B-00C04F79EFBC}") = "TopStrong", "TopStrong\TopStrong.csproj", "{C3A74655-7AF6-4AE6-BC65-0DF24523E54C}"
EndProject
Project("{FAE04EC0-301F-11D3-BF4B-00C04F79EFBC}") = "Easy4net", "Easy4net\Easy4net.csproj", "{30CD1103-2F1C-4BAB-BC0A-2F3DE6BC9BE9}"
EndProject
Project("{FAE04EC0-301F-11D3-BF4B-00C04F79EFBC}") = "Model", "Model\Model.csproj", "{3B75A117-1DD1-4248-8B93-35661AC0E4AD}"
EndProject
Global
	GlobalSection(SolutionConfigurationPlatforms) = preSolution
		Debug|Any CPU = Debug|Any CPU
		Release|Any CPU = Release|Any CPU
	EndGlobalSection
	GlobalSection(ProjectConfigurationPlatforms) = postSolution
		{C3A74655-7AF6-4AE6-BC65-0DF24523E54C}.Debug|Any CPU.ActiveCfg = Debug|Any CPU
		{C3A74655-7AF6-4AE6-BC65-0DF24523E54C}.Debug|Any CPU.Build.0 = Debug|Any CPU
		{C3A74655-7AF6-4AE6-BC65-0DF24523E54C}.Release|Any CPU.ActiveCfg = Release|Any CPU
		{C3A74655-7AF6-4AE6-BC65-0DF24523E54C}.Release|Any CPU.Build.0 = Release|Any CPU
		{30CD1103-2F1C-4BAB-BC0A-2F3DE6BC9BE9}.Debug|Any CPU.ActiveCfg = Debug|Any CPU
		{30CD1103-2F1C-4BAB-BC0A-2F3DE6BC9BE9}.Debug|Any CPU.Build.0 = Debug|Any CPU
		{30CD1103-2F1C-4BAB-BC0A-2F3DE6BC9BE9}.Release|Any CPU.ActiveCfg = Release|Any CPU
		{30CD1103-2F1C-4BAB-BC0A-2F3DE6BC9BE9}.Release|Any CPU.Build.0 = Release|Any CPU
		{3B75A117-1DD1-4248-8B93-35661AC0E4AD}.Debug|Any CPU.ActiveCfg = Debug|Any CPU
		{3B75A117-1DD1-4248-8B93-35661AC0E4AD}.Debug|Any CPU.Build.0 = Debug|Any CPU
		{3B75A117-1DD1-4248-8B93-35661AC0E4AD}.Release|Any CPU.ActiveCfg = Release|Any CPU
		{3B75A117-1DD1-4248-8B93-35661AC0E4AD}.Release|Any CPU.Build.0 = Release|Any CPU
	EndGlobalSection
	GlobalSection(SolutionProperties) = preSolution
		HideSolutionNode = FALSE
	EndGlobalSection
EndGlobal
